
Microsoft Visual Studio Solution File, Format Version 12.00
# Visual Studio 15
VisualStudioVersion = 15.0.28307.1433
MinimumVisualStudioVersion = 10.0.40219.1
Project("{8BC9CEB8-8B4A-11D0-8D11-00A0C91BC942}") = "Lab4.1", "Lab4.1\Lab4.1.vcxproj", "{0DA355C0-7DB4-46B7-92A0-0AD15F7FF86C}"
EndProject
Project("{8BC9CEB8-8B4A-11D0-8D11-00A0C91BC942}") = "UnitTestLab4.1", "UnitTestLab4.1\UnitTestLab4.1.vcxproj", "{F0CCDA8D-5F41-487E-9484-8D02EDC3C471}"
EndProject
Global
	GlobalSection(SolutionConfigurationPlatforms) = preSolution
		Debug|x64 = Debug|x64
		Debug|x86 = Debug|x86
		Release|x64 = Release|x64
		Release|x86 = Release|x86
	EndGlobalSection
	GlobalSection(ProjectConfigurationPlatforms) = postSolution
		{0DA355C0-7DB4-46B7-92A0-0AD15F7FF86C}.Debug|x64.ActiveCfg = Debug|x64
		{0DA355C0-7DB4-46B7-92A0-0AD15F7FF86C}.Debug|x64.Build.0 = Debug|x64
		{0DA355C0-7DB4-46B7-92A0-0AD15F7FF86C}.Debug|x86.ActiveCfg = Debug|Win32
		{0DA355C0-7DB4-46B7-92A0-0AD15F7FF86C}.Debug|x86.Build.0 = Debug|Win32
		{0DA355C0-7DB4-46B7-92A0-0AD15F7FF86C}.Release|x64.ActiveCfg = Release|x64
		{0DA355C0-7DB4-46B7-92A0-0AD15F7FF86C}.Release|x64.Build.0 = Release|x64
		{0DA355C0-7DB4-46B7-92A0-0AD15F7FF86C}.Release|x86.ActiveCfg = Release|Win32
		{0DA355C0-7DB4-46B7-92A0-0AD15F7FF86C}.Release|x86.Build.0 = Release|Win32
		{F0CCDA8D-5F41-487E-9484-8D02EDC3C471}.Debug|x64.ActiveCfg = Debug|x64
		{F0CCDA8D-5F41-487E-9484-8D02EDC3C471}.Debug|x64.Build.0 = Debug|x64
		{F0CCDA8D-5F41-487E-9484-8D02EDC3C471}.Debug|x86.ActiveCfg = Debug|Win32
		{F0CCDA8D-5F41-487E-9484-8D02EDC3C471}.Debug|x86.Build.0 = Debug|Win32
		{F0CCDA8D-5F41-487E-9484-8D02EDC3C471}.Release|x64.ActiveCfg = Release|x64
		{F0CCDA8D-5F41-487E-9484-8D02EDC3C471}.Release|x64.Build.0 = Release|x64
		{F0CCDA8D-5F41-487E-9484-8D02EDC3C471}.Release|x86.ActiveCfg = Release|Win32
		{F0CCDA8D-5F41-487E-9484-8D02EDC3C471}.Release|x86.Build.0 = Release|Win32
	EndGlobalSection
	GlobalSection(SolutionProperties) = preSolution
		HideSolutionNode = FALSE
	EndGlobalSection
	GlobalSection(ExtensibilityGlobals) = postSolution
		SolutionGuid = {E375524D-8C6F-4F11-89EA-7C4480004ACD}
	EndGlobalSection
EndGlobal
